
Microsoft Visual Studio Solution File, Format Version 12.00
# Visual Studio 14
VisualStudioVersion = 14.0.25420.1
MinimumVisualStudioVersion = 10.0.40219.1
Project("{FAE04EC0-301F-11D3-BF4B-00C04F79EFBC}") = "Taxes", "Taxes\Taxes.csproj", "{EBF22C9B-6FD8-4BA8-8632-1AB93288BFE7}"
EndProject
Project("{FAE04EC0-301F-11D3-BF4B-00C04F79EFBC}") = "Taxes.Tests", "Taxes.Tests\Taxes.Tests.csproj", "{C0843A1F-5C4F-44F7-A70F-A96AAA97F359}"
EndProject
Global
	GlobalSection(SolutionConfigurationPlatforms) = preSolution
		Debug|Any CPU = Debug|Any CPU
		Release|Any CPU = Release|Any CPU
	EndGlobalSection
	GlobalSection(ProjectConfigurationPlatforms) = postSolution
		{EBF22C9B-6FD8-4BA8-8632-1AB93288BFE7}.Debug|Any CPU.ActiveCfg = Debug|Any CPU
		{EBF22C9B-6FD8-4BA8-8632-1AB93288BFE7}.Debug|Any CPU.Build.0 = Debug|Any CPU
		{EBF22C9B-6FD8-4BA8-8632-1AB93288BFE7}.Release|Any CPU.ActiveCfg = Release|Any CPU
		{EBF22C9B-6FD8-4BA8-8632-1AB93288BFE7}.Release|Any CPU.Build.0 = Release|Any CPU
		{C0843A1F-5C4F-44F7-A70F-A96AAA97F359}.Debug|Any CPU.ActiveCfg = Debug|Any CPU
		{C0843A1F-5C4F-44F7-A70F-A96AAA97F359}.Debug|Any CPU.Build.0 = Debug|Any CPU
		{C0843A1F-5C4F-44F7-A70F-A96AAA97F359}.Release|Any CPU.ActiveCfg = Release|Any CPU
		{C0843A1F-5C4F-44F7-A70F-A96AAA97F359}.Release|Any CPU.Build.0 = Release|Any CPU
	EndGlobalSection
	GlobalSection(SolutionProperties) = preSolution
		HideSolutionNode = FALSE
	EndGlobalSection
EndGlobal
